
Microsoft Visual Studio Solution File, Format Version 12.00
# Visual Studio Version 16
VisualStudioVersion = 16.0.29409.12
MinimumVisualStudioVersion = 10.0.40219.1
Project("{FAE04EC0-301F-11D3-BF4B-00C04F79EFBC}") = "Entities", "Entities\Entities.csproj", "{06E1BCC5-0415-464F-A3A0-DFC50382AB32}"
EndProject
Project("{FAE04EC0-301F-11D3-BF4B-00C04F79EFBC}") = "DataAccess", "DataAccess\DataAccess.csproj", "{51C2ADD2-D2B6-4B84-BBF0-AD65B5770F20}"
EndProject
Project("{FAE04EC0-301F-11D3-BF4B-00C04F79EFBC}") = "Business", "Business\Business.csproj", "{C7788AC7-29CB-4BA5-90F0-9AC6459999BA}"
EndProject
Project("{FAE04EC0-301F-11D3-BF4B-00C04F79EFBC}") = "Core", "Core\Core.csproj", "{5E470E39-C75E-4691-9630-21295F18E4AD}"
EndProject
Project("{FAE04EC0-301F-11D3-BF4B-00C04F79EFBC}") = "WebAPI", "WebAPI\WebAPI.csproj", "{AF080726-6212-446B-B0A0-70D07A8E2AF0}"
EndProject
Global
	GlobalSection(SolutionConfigurationPlatforms) = preSolution
		Debug|Any CPU = Debug|Any CPU
		Release|Any CPU = Release|Any CPU
	EndGlobalSection
	GlobalSection(ProjectConfigurationPlatforms) = postSolution
		{06E1BCC5-0415-464F-A3A0-DFC50382AB32}.Debug|Any CPU.ActiveCfg = Debug|Any CPU
		{06E1BCC5-0415-464F-A3A0-DFC50382AB32}.Debug|Any CPU.Build.0 = Debug|Any CPU
		{06E1BCC5-0415-464F-A3A0-DFC50382AB32}.Release|Any CPU.ActiveCfg = Release|Any CPU
		{06E1BCC5-0415-464F-A3A0-DFC50382AB32}.Release|Any CPU.Build.0 = Release|Any CPU
		{51C2ADD2-D2B6-4B84-BBF0-AD65B5770F20}.Debug|Any CPU.ActiveCfg = Debug|Any CPU
		{51C2ADD2-D2B6-4B84-BBF0-AD65B5770F20}.Debug|Any CPU.Build.0 = Debug|Any CPU
		{51C2ADD2-D2B6-4B84-BBF0-AD65B5770F20}.Release|Any CPU.ActiveCfg = Release|Any CPU
		{51C2ADD2-D2B6-4B84-BBF0-AD65B5770F20}.Release|Any CPU.Build.0 = Release|Any CPU
		{C7788AC7-29CB-4BA5-90F0-9AC6459999BA}.Debug|Any CPU.ActiveCfg = Debug|Any CPU
		{C7788AC7-29CB-4BA5-90F0-9AC6459999BA}.Debug|Any CPU.Build.0 = Debug|Any CPU
		{C7788AC7-29CB-4BA5-90F0-9AC6459999BA}.Release|Any CPU.ActiveCfg = Release|Any CPU
		{C7788AC7-29CB-4BA5-90F0-9AC6459999BA}.Release|Any CPU.Build.0 = Release|Any CPU
		{5E470E39-C75E-4691-9630-21295F18E4AD}.Debug|Any CPU.ActiveCfg = Debug|Any CPU
		{5E470E39-C75E-4691-9630-21295F18E4AD}.Debug|Any CPU.Build.0 = Debug|Any CPU
		{5E470E39-C75E-4691-9630-21295F18E4AD}.Release|Any CPU.ActiveCfg = Release|Any CPU
		{5E470E39-C75E-4691-9630-21295F18E4AD}.Release|Any CPU.Build.0 = Release|Any CPU
		{AF080726-6212-446B-B0A0-70D07A8E2AF0}.Debug|Any CPU.ActiveCfg = Debug|Any CPU
		{AF080726-6212-446B-B0A0-70D07A8E2AF0}.Debug|Any CPU.Build.0 = Debug|Any CPU
		{AF080726-6212-446B-B0A0-70D07A8E2AF0}.Release|Any CPU.ActiveCfg = Release|Any CPU
		{AF080726-6212-446B-B0A0-70D07A8E2AF0}.Release|Any CPU.Build.0 = Release|Any CPU
	EndGlobalSection
	GlobalSection(SolutionProperties) = preSolution
		HideSolutionNode = FALSE
	EndGlobalSection
	GlobalSection(ExtensibilityGlobals) = postSolution
		SolutionGuid = {860F6927-CA3F-4AE3-8131-0A0A97622382}
	EndGlobalSection
EndGlobal
